
Microsoft Visual Studio Solution File, Format Version 12.00
# Visual Studio 15
VisualStudioVersion = 15.0.28010.2003
MinimumVisualStudioVersion = 10.0.40219.1
Project("{FAE04EC0-301F-11D3-BF4B-00C04F79EFBC}") = "BlackJack", "BlackJack\BlackJack.csproj", "{69E14D04-B5C7-4218-9273-8A1C8A6A0BED}"
EndProject
Global
	GlobalSection(SolutionConfigurationPlatforms) = preSolution
		Debug|Any CPU = Debug|Any CPU
		Release|Any CPU = Release|Any CPU
	EndGlobalSection
	GlobalSection(ProjectConfigurationPlatforms) = postSolution
		{69E14D04-B5C7-4218-9273-8A1C8A6A0BED}.Debug|Any CPU.ActiveCfg = Debug|Any CPU
		{69E14D04-B5C7-4218-9273-8A1C8A6A0BED}.Debug|Any CPU.Build.0 = Debug|Any CPU
		{69E14D04-B5C7-4218-9273-8A1C8A6A0BED}.Release|Any CPU.ActiveCfg = Release|Any CPU
		{69E14D04-B5C7-4218-9273-8A1C8A6A0BED}.Release|Any CPU.Build.0 = Release|Any CPU
	EndGlobalSection
	GlobalSection(SolutionProperties) = preSolution
		HideSolutionNode = FALSE
	EndGlobalSection
	GlobalSection(ExtensibilityGlobals) = postSolution
		SolutionGuid = {E62D9EBF-EA50-4946-95F6-F4B87AAD3C25}
	EndGlobalSection
EndGlobal
