
Microsoft Visual Studio Solution File, Format Version 12.00
# Visual Studio 15
VisualStudioVersion = 15.0.28010.2003
MinimumVisualStudioVersion = 10.0.40219.1
Project("{FAE04EC0-301F-11D3-BF4B-00C04F79EFBC}") = "ConsoleApp3", "ConsoleApp3\ConsoleApp3.csproj", "{32A41C7D-2508-4579-9F0D-E00337333E1E}"
EndProject
Global
	GlobalSection(SolutionConfigurationPlatforms) = preSolution
		Debug|Any CPU = Debug|Any CPU
		Release|Any CPU = Release|Any CPU
	EndGlobalSection
	GlobalSection(ProjectConfigurationPlatforms) = postSolution
		{32A41C7D-2508-4579-9F0D-E00337333E1E}.Debug|Any CPU.ActiveCfg = Debug|Any CPU
		{32A41C7D-2508-4579-9F0D-E00337333E1E}.Debug|Any CPU.Build.0 = Debug|Any CPU
		{32A41C7D-2508-4579-9F0D-E00337333E1E}.Release|Any CPU.ActiveCfg = Release|Any CPU
		{32A41C7D-2508-4579-9F0D-E00337333E1E}.Release|Any CPU.Build.0 = Release|Any CPU
	EndGlobalSection
	GlobalSection(SolutionProperties) = preSolution
		HideSolutionNode = FALSE
	EndGlobalSection
	GlobalSection(ExtensibilityGlobals) = postSolution
		SolutionGuid = {DD68AC8E-C7F6-43A1-882E-FA02098076CF}
	EndGlobalSection
EndGlobal
