
Microsoft Visual Studio Solution File, Format Version 12.00
# Visual Studio 15
VisualStudioVersion = 15.0.28010.2003
MinimumVisualStudioVersion = 10.0.40219.1
Project("{FAE04EC0-301F-11D3-BF4B-00C04F79EFBC}") = "EnumDrill1", "EnumDrill1\EnumDrill1.csproj", "{81C01BA7-1378-4188-BD26-82D44C6885B7}"
EndProject
Global
	GlobalSection(SolutionConfigurationPlatforms) = preSolution
		Debug|Any CPU = Debug|Any CPU
		Release|Any CPU = Release|Any CPU
	EndGlobalSection
	GlobalSection(ProjectConfigurationPlatforms) = postSolution
		{81C01BA7-1378-4188-BD26-82D44C6885B7}.Debug|Any CPU.ActiveCfg = Debug|Any CPU
		{81C01BA7-1378-4188-BD26-82D44C6885B7}.Debug|Any CPU.Build.0 = Debug|Any CPU
		{81C01BA7-1378-4188-BD26-82D44C6885B7}.Release|Any CPU.ActiveCfg = Release|Any CPU
		{81C01BA7-1378-4188-BD26-82D44C6885B7}.Release|Any CPU.Build.0 = Release|Any CPU
	EndGlobalSection
	GlobalSection(SolutionProperties) = preSolution
		HideSolutionNode = FALSE
	EndGlobalSection
	GlobalSection(ExtensibilityGlobals) = postSolution
		SolutionGuid = {DB2C3277-277C-4E27-B1F4-4F531B3DBA5C}
	EndGlobalSection
EndGlobal
